
Microsoft Visual Studio Solution File, Format Version 12.00
# Visual Studio Version 16
VisualStudioVersion = 16.0.31005.135
MinimumVisualStudioVersion = 10.0.40219.1
Project("{8BC9CEB8-8B4A-11D0-8D11-00A0C91BC942}") = "PassiveWeaponEnchantmentRecharging", "PassiveWeaponEnchantmentRecharging.vcxproj", "{2BDF120B-54BF-49D2-88FF-BE26057C50F5}"
EndProject
Project("{8BC9CEB8-8B4A-11D0-8D11-00A0C91BC942}") = "CommonLibSSE", "..\CommonLibSSE\build\CommonLibSSE.vcxproj", "{A8F8E207-4CA3-345F-96D7-2337CE9EF62E}"
EndProject
Global
	GlobalSection(SolutionConfigurationPlatforms) = preSolution
		Debug|x64 = Debug|x64
		MinSizeRel|x64 = MinSizeRel|x64
		Release|x64 = Release|x64
		RelWithDebInfo|x64 = RelWithDebInfo|x64
	EndGlobalSection
	GlobalSection(ProjectConfigurationPlatforms) = postSolution
		{2BDF120B-54BF-49D2-88FF-BE26057C50F5}.Debug|x64.ActiveCfg = Debug|x64
		{2BDF120B-54BF-49D2-88FF-BE26057C50F5}.Debug|x64.Build.0 = Debug|x64
		{2BDF120B-54BF-49D2-88FF-BE26057C50F5}.MinSizeRel|x64.ActiveCfg = Debug|x64
		{2BDF120B-54BF-49D2-88FF-BE26057C50F5}.MinSizeRel|x64.Build.0 = Debug|x64
		{2BDF120B-54BF-49D2-88FF-BE26057C50F5}.Release|x64.ActiveCfg = Release|x64
		{2BDF120B-54BF-49D2-88FF-BE26057C50F5}.Release|x64.Build.0 = Release|x64
		{2BDF120B-54BF-49D2-88FF-BE26057C50F5}.RelWithDebInfo|x64.ActiveCfg = Release|x64
		{2BDF120B-54BF-49D2-88FF-BE26057C50F5}.RelWithDebInfo|x64.Build.0 = Release|x64
		{A8F8E207-4CA3-345F-96D7-2337CE9EF62E}.Debug|x64.ActiveCfg = Debug|x64
		{A8F8E207-4CA3-345F-96D7-2337CE9EF62E}.Debug|x64.Build.0 = Debug|x64
		{A8F8E207-4CA3-345F-96D7-2337CE9EF62E}.MinSizeRel|x64.ActiveCfg = MinSizeRel|x64
		{A8F8E207-4CA3-345F-96D7-2337CE9EF62E}.MinSizeRel|x64.Build.0 = MinSizeRel|x64
		{A8F8E207-4CA3-345F-96D7-2337CE9EF62E}.Release|x64.ActiveCfg = Release|x64
		{A8F8E207-4CA3-345F-96D7-2337CE9EF62E}.Release|x64.Build.0 = Release|x64
		{A8F8E207-4CA3-345F-96D7-2337CE9EF62E}.RelWithDebInfo|x64.ActiveCfg = RelWithDebInfo|x64
		{A8F8E207-4CA3-345F-96D7-2337CE9EF62E}.RelWithDebInfo|x64.Build.0 = RelWithDebInfo|x64
	EndGlobalSection
	GlobalSection(SolutionProperties) = preSolution
		HideSolutionNode = FALSE
	EndGlobalSection
	GlobalSection(ExtensibilityGlobals) = postSolution
		SolutionGuid = {D6060F06-1705-4E3B-B794-C052A4DE243B}
	EndGlobalSection
EndGlobal
